// !$*UTF8*$!
{
	archiveVersion = 1;
	classes = {
	};
	objectVersion = 56;
	objects = {

/* Begin PBXBuildFile section */
		49D6ADAB2AF2A88A0004BD42 /* WeatherApplicationApp.swift in Sources */ = {isa = PBXBuildFile; fileRef = 49D6ADAA2AF2A88A0004BD42 /* WeatherApplicationApp.swift */; };
		49D6ADAD2AF2A88A0004BD42 /* ContentView.swift in Sources */ = {isa = PBXBuildFile; fileRef = 49D6ADAC2AF2A88A0004BD42 /* ContentView.swift */; };
		49D6ADAF2AF2A88B0004BD42 /* Assets.xcassets in Resources */ = {isa = PBXBuildFile; fileRef = 49D6ADAE2AF2A88B0004BD42 /* Assets.xcassets */; };
		49D6ADB22AF2A88B0004BD42 /* Preview Assets.xcassets in Resources */ = {isa = PBXBuildFile; fileRef = 49D6ADB12AF2A88B0004BD42 /* Preview Assets.xcassets */; };
		49D6ADB42AF2A88B0004BD42 /* Persistence.swift in Sources */ = {isa = PBXBuildFile; fileRef = 49D6ADB32AF2A88B0004BD42 /* Persistence.swift */; };
		49D6ADB72AF2A88B0004BD42 /* WeatherApplication.xcdatamodeld in Sources */ = {isa = PBXBuildFile; fileRef = 49D6ADB52AF2A88B0004BD42 /* WeatherApplication.xcdatamodeld */; };
		49D6ADC12AF2A88B0004BD42 /* WeatherApplicationTests.swift in Sources */ = {isa = PBXBuildFile; fileRef = 49D6ADC02AF2A88B0004BD42 /* WeatherApplicationTests.swift */; };
		49D6ADCB2AF2A88B0004BD42 /* WeatherApplicationUITests.swift in Sources */ = {isa = PBXBuildFile; fileRef = 49D6ADCA2AF2A88B0004BD42 /* WeatherApplicationUITests.swift */; };
		49D6ADCD2AF2A88B0004BD42 /* WeatherApplicationUITestsLaunchTests.swift in Sources */ = {isa = PBXBuildFile; fileRef = 49D6ADCC2AF2A88B0004BD42 /* WeatherApplicationUITestsLaunchTests.swift */; };
		49D6ADDA2AF2A9760004BD42 /* HomePage.swift in Sources */ = {isa = PBXBuildFile; fileRef = 49D6ADD92AF2A9760004BD42 /* HomePage.swift */; };
		49D6ADDC2AF2AC730004BD42 /* WeatherViewModel.swift in Sources */ = {isa = PBXBuildFile; fileRef = 49D6ADDB2AF2AC730004BD42 /* WeatherViewModel.swift */; };
		49D6ADDE2AF2ACE40004BD42 /* Models.swift in Sources */ = {isa = PBXBuildFile; fileRef = 49D6ADDD2AF2ACE40004BD42 /* Models.swift */; };
		49D6ADE02AF2AD350004BD42 /* NetworkManager.swift in Sources */ = {isa = PBXBuildFile; fileRef = 49D6ADDF2AF2AD350004BD42 /* NetworkManager.swift */; };
		49D6ADE22AF2AD850004BD42 /* CurrentWeatherResponse.swift in Sources */ = {isa = PBXBuildFile; fileRef = 49D6ADE12AF2AD850004BD42 /* CurrentWeatherResponse.swift */; };
		49D6ADE42AF2B0D50004BD42 /* WeatherViewModelTests.swift in Sources */ = {isa = PBXBuildFile; fileRef = 49D6ADE32AF2B0D50004BD42 /* WeatherViewModelTests.swift */; };
		49D6ADE62AF2B10D0004BD42 /* MockManager.swift in Sources */ = {isa = PBXBuildFile; fileRef = 49D6ADE52AF2B10D0004BD42 /* MockManager.swift */; };
/* End PBXBuildFile section */

/* Begin PBXContainerItemProxy section */
		49D6ADBD2AF2A88B0004BD42 /* PBXContainerItemProxy */ = {
			isa = PBXContainerItemProxy;
			containerPortal = 49D6AD9F2AF2A88A0004BD42 /* Project object */;
			proxyType = 1;
			remoteGlobalIDString = 49D6ADA62AF2A88A0004BD42;
			remoteInfo = WeatherApplication;
		};
		49D6ADC72AF2A88B0004BD42 /* PBXContainerItemProxy */ = {
			isa = PBXContainerItemProxy;
			containerPortal = 49D6AD9F2AF2A88A0004BD42 /* Project object */;
			proxyType = 1;
			remoteGlobalIDString = 49D6ADA62AF2A88A0004BD42;
			remoteInfo = WeatherApplication;
		};
/* End PBXContainerItemProxy section */

/* Begin PBXFileReference section */
		49D6ADA72AF2A88A0004BD42 /* WeatherApplication.app */ = {isa = PBXFileReference; explicitFileType = wrapper.application; includeInIndex = 0; path = WeatherApplication.app; sourceTree = BUILT_PRODUCTS_DIR; };
		49D6ADAA2AF2A88A0004BD42 /* WeatherApplicationApp.swift */ = {isa = PBXFileReference; lastKnownFileType = sourcecode.swift; path = WeatherApplicationApp.swift; sourceTree = "<group>"; };
		49D6ADAC2AF2A88A0004BD42 /* ContentView.swift */ = {isa = PBXFileReference; lastKnownFileType = sourcecode.swift; path = ContentView.swift; sourceTree = "<group>"; };
		49D6ADAE2AF2A88B0004BD42 /* Assets.xcassets */ = {isa = PBXFileReference; lastKnownFileType = folder.assetcatalog; path = Assets.xcassets; sourceTree = "<group>"; };
		49D6ADB12AF2A88B0004BD42 /* Preview Assets.xcassets */ = {isa = PBXFileReference; lastKnownFileType = folder.assetcatalog; path = "Preview Assets.xcassets"; sourceTree = "<group>"; };
		49D6ADB32AF2A88B0004BD42 /* Persistence.swift */ = {isa = PBXFileReference; lastKnownFileType = sourcecode.swift; path = Persistence.swift; sourceTree = "<group>"; };
		49D6ADB62AF2A88B0004BD42 /* WeatherApplication.xcdatamodel */ = {isa = PBXFileReference; lastKnownFileType = wrapper.xcdatamodel; path = WeatherApplication.xcdatamodel; sourceTree = "<group>"; };
		49D6ADBC2AF2A88B0004BD42 /* WeatherApplicationTests.xctest */ = {isa = PBXFileReference; explicitFileType = wrapper.cfbundle; includeInIndex = 0; path = WeatherApplicationTests.xctest; sourceTree = BUILT_PRODUCTS_DIR; };
		49D6ADC02AF2A88B0004BD42 /* WeatherApplicationTests.swift */ = {isa = PBXFileReference; lastKnownFileType = sourcecode.swift; path = WeatherApplicationTests.swift; sourceTree = "<group>"; };
		49D6ADC62AF2A88B0004BD42 /* WeatherApplicationUITests.xctest */ = {isa = PBXFileReference; explicitFileType = wrapper.cfbundle; includeInIndex = 0; path = WeatherApplicationUITests.xctest; sourceTree = BUILT_PRODUCTS_DIR; };
		49D6ADCA2AF2A88B0004BD42 /* WeatherApplicationUITests.swift */ = {isa = PBXFileReference; lastKnownFileType = sourcecode.swift; path = WeatherApplicationUITests.swift; sourceTree = "<group>"; };
		49D6ADCC2AF2A88B0004BD42 /* WeatherApplicationUITestsLaunchTests.swift */ = {isa = PBXFileReference; lastKnownFileType = sourcecode.swift; path = WeatherApplicationUITestsLaunchTests.swift; sourceTree = "<group>"; };
		49D6ADD92AF2A9760004BD42 /* HomePage.swift */ = {isa = PBXFileReference; lastKnownFileType = sourcecode.swift; path = HomePage.swift; sourceTree = "<group>"; };
		49D6ADDB2AF2AC730004BD42 /* WeatherViewModel.swift */ = {isa = PBXFileReference; lastKnownFileType = sourcecode.swift; path = WeatherViewModel.swift; sourceTree = "<group>"; };
		49D6ADDD2AF2ACE40004BD42 /* Models.swift */ = {isa = PBXFileReference; lastKnownFileType = sourcecode.swift; path = Models.swift; sourceTree = "<group>"; };
		49D6ADDF2AF2AD350004BD42 /* NetworkManager.swift */ = {isa = PBXFileReference; lastKnownFileType = sourcecode.swift; path = NetworkManager.swift; sourceTree = "<group>"; };
		49D6ADE12AF2AD850004BD42 /* CurrentWeatherResponse.swift */ = {isa = PBXFileReference; lastKnownFileType = sourcecode.swift; path = CurrentWeatherResponse.swift; sourceTree = "<group>"; };
		49D6ADE32AF2B0D50004BD42 /* WeatherViewModelTests.swift */ = {isa = PBXFileReference; lastKnownFileType = sourcecode.swift; path = WeatherViewModelTests.swift; sourceTree = "<group>"; };
		49D6ADE52AF2B10D0004BD42 /* MockManager.swift */ = {isa = PBXFileReference; lastKnownFileType = sourcecode.swift; path = MockManager.swift; sourceTree = "<group>"; };
/* End PBXFileReference section */

/* Begin PBXFrameworksBuildPhase section */
		49D6ADA42AF2A88A0004BD42 /* Frameworks */ = {
			isa = PBXFrameworksBuildPhase;
			buildActionMask = 2147483647;
			files = (
			);
			runOnlyForDeploymentPostprocessing = 0;
		};
		49D6ADB92AF2A88B0004BD42 /* Frameworks */ = {
			isa = PBXFrameworksBuildPhase;
			buildActionMask = 2147483647;
			files = (
			);
			runOnlyForDeploymentPostprocessing = 0;
		};
		49D6ADC32AF2A88B0004BD42 /* Frameworks */ = {
			isa = PBXFrameworksBuildPhase;
			buildActionMask = 2147483647;
			files = (
			);
			runOnlyForDeploymentPostprocessing = 0;
		};
/* End PBXFrameworksBuildPhase section */

/* Begin PBXGroup section */
		49D6AD9E2AF2A88A0004BD42 = {
			isa = PBXGroup;
			children = (
				49D6ADA92AF2A88A0004BD42 /* WeatherApplication */,
				49D6ADBF2AF2A88B0004BD42 /* WeatherApplicationTests */,
				49D6ADC92AF2A88B0004BD42 /* WeatherApplicationUITests */,
				49D6ADA82AF2A88A0004BD42 /* Products */,
			);
			sourceTree = "<group>";
		};
		49D6ADA82AF2A88A0004BD42 /* Products */ = {
			isa = PBXGroup;
			children = (
				49D6ADA72AF2A88A0004BD42 /* WeatherApplication.app */,
				49D6ADBC2AF2A88B0004BD42 /* WeatherApplicationTests.xctest */,
				49D6ADC62AF2A88B0004BD42 /* WeatherApplicationUITests.xctest */,
			);
			name = Products;
			sourceTree = "<group>";
		};
		49D6ADA92AF2A88A0004BD42 /* WeatherApplication */ = {
			isa = PBXGroup;
			children = (
				49D6ADAA2AF2A88A0004BD42 /* WeatherApplicationApp.swift */,
				49D6ADAC2AF2A88A0004BD42 /* ContentView.swift */,
				49D6ADAE2AF2A88B0004BD42 /* Assets.xcassets */,
				49D6ADB32AF2A88B0004BD42 /* Persistence.swift */,
				49D6ADB52AF2A88B0004BD42 /* WeatherApplication.xcdatamodeld */,
				49D6ADB02AF2A88B0004BD42 /* Preview Content */,
				49D6ADD92AF2A9760004BD42 /* HomePage.swift */,
				49D6ADDB2AF2AC730004BD42 /* WeatherViewModel.swift */,
				49D6ADDD2AF2ACE40004BD42 /* Models.swift */,
				49D6ADDF2AF2AD350004BD42 /* NetworkManager.swift */,
				49D6ADE12AF2AD850004BD42 /* CurrentWeatherResponse.swift */,
			);
			path = WeatherApplication;
			sourceTree = "<group>";
		};
		49D6ADB02AF2A88B0004BD42 /* Preview Content */ = {
			isa = PBXGroup;
			children = (
				49D6ADB12AF2A88B0004BD42 /* Preview Assets.xcassets */,
			);
			path = "Preview Content";
			sourceTree = "<group>";
		};
		49D6ADBF2AF2A88B0004BD42 /* WeatherApplicationTests */ = {
			isa = PBXGroup;
			children = (
				49D6ADC02AF2A88B0004BD42 /* WeatherApplicationTests.swift */,
				49D6ADE32AF2B0D50004BD42 /* WeatherViewModelTests.swift */,
				49D6ADE52AF2B10D0004BD42 /* MockManager.swift */,
			);
			path = WeatherApplicationTests;
			sourceTree = "<group>";
		};
		49D6ADC92AF2A88B0004BD42 /* WeatherApplicationUITests */ = {
			isa = PBXGroup;
			children = (
				49D6ADCA2AF2A88B0004BD42 /* WeatherApplicationUITests.swift */,
				49D6ADCC2AF2A88B0004BD42 /* WeatherApplicationUITestsLaunchTests.swift */,
			);
			path = WeatherApplicationUITests;
			sourceTree = "<group>";
		};
/* End PBXGroup section */

/* Begin PBXNativeTarget section */
		49D6ADA62AF2A88A0004BD42 /* WeatherApplication */ = {
			isa = PBXNativeTarget;
			buildConfigurationList = 49D6ADD02AF2A88B0004BD42 /* Build configuration list for PBXNativeTarget "WeatherApplication" */;
			buildPhases = (
				49D6ADA32AF2A88A0004BD42 /* Sources */,
				49D6ADA42AF2A88A0004BD42 /* Frameworks */,
				49D6ADA52AF2A88A0004BD42 /* Resources */,
			);
			buildRules = (
			);
			dependencies = (
			);
			name = WeatherApplication;
			productName = WeatherApplication;
			productReference = 49D6ADA72AF2A88A0004BD42 /* WeatherApplication.app */;
			productType = "com.apple.product-type.application";
		};
		49D6ADBB2AF2A88B0004BD42 /* WeatherApplicationTests */ = {
			isa = PBXNativeTarget;
			buildConfigurationList = 49D6ADD32AF2A88B0004BD42 /* Build configuration list for PBXNativeTarget "WeatherApplicationTests" */;
			buildPhases = (
				49D6ADB82AF2A88B0004BD42 /* Sources */,
				49D6ADB92AF2A88B0004BD42 /* Frameworks */,
				49D6ADBA2AF2A88B0004BD42 /* Resources */,
			);
			buildRules = (
			);
			dependencies = (
				49D6ADBE2AF2A88B0004BD42 /* PBXTargetDependency */,
			);
			name = WeatherApplicationTests;
			productName = WeatherApplicationTests;
			productReference = 49D6ADBC2AF2A88B0004BD42 /* WeatherApplicationTests.xctest */;
			productType = "com.apple.product-type.bundle.unit-test";
		};
		49D6ADC52AF2A88B0004BD42 /* WeatherApplicationUITests */ = {
			isa = PBXNativeTarget;
			buildConfigurationList = 49D6ADD62AF2A88B0004BD42 /* Build configuration list for PBXNativeTarget "WeatherApplicationUITests" */;
			buildPhases = (
				49D6ADC22AF2A88B0004BD42 /* Sources */,
				49D6ADC32AF2A88B0004BD42 /* Frameworks */,
				49D6ADC42AF2A88B0004BD42 /* Resources */,
			);
			buildRules = (
			);
			dependencies = (
				49D6ADC82AF2A88B0004BD42 /* PBXTargetDependency */,
			);
			name = WeatherApplicationUITests;
			productName = WeatherApplicationUITests;
			productReference = 49D6ADC62AF2A88B0004BD42 /* WeatherApplicationUITests.xctest */;
			productType = "com.apple.product-type.bundle.ui-testing";
		};
/* End PBXNativeTarget section */

/* Begin PBXProject section */
		49D6AD9F2AF2A88A0004BD42 /* Project object */ = {
			isa = PBXProject;
			attributes = {
				BuildIndependentTargetsInParallel = 1;
				LastSwiftUpdateCheck = 1500;
				LastUpgradeCheck = 1500;
				TargetAttributes = {
					49D6ADA62AF2A88A0004BD42 = {
						CreatedOnToolsVersion = 15.0.1;
					};
					49D6ADBB2AF2A88B0004BD42 = {
						CreatedOnToolsVersion = 15.0.1;
						TestTargetID = 49D6ADA62AF2A88A0004BD42;
					};
					49D6ADC52AF2A88B0004BD42 = {
						CreatedOnToolsVersion = 15.0.1;
						TestTargetID = 49D6ADA62AF2A88A0004BD42;
					};
				};
			};
			buildConfigurationList = 49D6ADA22AF2A88A0004BD42 /* Build configuration list for PBXProject "WeatherApplication" */;
			compatibilityVersion = "Xcode 14.0";
			developmentRegion = en;
			hasScannedForEncodings = 0;
			knownRegions = (
				en,
				Base,
			);
			mainGroup = 49D6AD9E2AF2A88A0004BD42;
			productRefGroup = 49D6ADA82AF2A88A0004BD42 /* Products */;
			projectDirPath = "";
			projectRoot = "";
			targets = (
				49D6ADA62AF2A88A0004BD42 /* WeatherApplication */,
				49D6ADBB2AF2A88B0004BD42 /* WeatherApplicationTests */,
				49D6ADC52AF2A88B0004BD42 /* WeatherApplicationUITests */,
			);
		};
/* End PBXProject section */

/* Begin PBXResourcesBuildPhase section */
		49D6ADA52AF2A88A0004BD42 /* Resources */ = {
			isa = PBXResourcesBuildPhase;
			buildActionMask = 2147483647;
			files = (
				49D6ADB22AF2A88B0004BD42 /* Preview Assets.xcassets in Resources */,
				49D6ADAF2AF2A88B0004BD42 /* Assets.xcassets in Resources */,
			);
			runOnlyForDeploymentPostprocessing = 0;
		};
		49D6ADBA2AF2A88B0004BD42 /* Resources */ = {
			isa = PBXResourcesBuildPhase;
			buildActionMask = 2147483647;
			files = (
			);
			runOnlyForDeploymentPostprocessing = 0;
		};
		49D6ADC42AF2A88B0004BD42 /* Resources */ = {
			isa = PBXResourcesBuildPhase;
			buildActionMask = 2147483647;
			files = (
			);
			runOnlyForDeploymentPostprocessing = 0;
		};
/* End PBXResourcesBuildPhase section */

/* Begin PBXSourcesBuildPhase section */
		49D6ADA32AF2A88A0004BD42 /* Sources */ = {
			isa = PBXSourcesBuildPhase;
			buildActionMask = 2147483647;
			files = (
				49D6ADDA2AF2A9760004BD42 /* HomePage.swift in Sources */,
				49D6ADDC2AF2AC730004BD42 /* WeatherViewModel.swift in Sources */,
				49D6ADB42AF2A88B0004BD42 /* Persistence.swift in Sources */,
				49D6ADE22AF2AD850004BD42 /* CurrentWeatherResponse.swift in Sources */,
				49D6ADAD2AF2A88A0004BD42 /* ContentView.swift in Sources */,
				49D6ADE02AF2AD350004BD42 /* NetworkManager.swift in Sources */,
				49D6ADAB2AF2A88A0004BD42 /* WeatherApplicationApp.swift in Sources */,
				49D6ADB72AF2A88B0004BD42 /* WeatherApplication.xcdatamodeld in Sources */,
				49D6ADDE2AF2ACE40004BD42 /* Models.swift in Sources */,
			);
			runOnlyForDeploymentPostprocessing = 0;
		};
		49D6ADB82AF2A88B0004BD42 /* Sources */ = {
			isa = PBXSourcesBuildPhase;
			buildActionMask = 2147483647;
			files = (
				49D6ADE62AF2B10D0004BD42 /* MockManager.swift in Sources */,
				49D6ADC12AF2A88B0004BD42 /* WeatherApplicationTests.swift in Sources */,
				49D6ADE42AF2B0D50004BD42 /* WeatherViewModelTests.swift in Sources */,
			);
			runOnlyForDeploymentPostprocessing = 0;
		};
		49D6ADC22AF2A88B0004BD42 /* Sources */ = {
			isa = PBXSourcesBuildPhase;
			buildActionMask = 2147483647;
			files = (
				49D6ADCD2AF2A88B0004BD42 /* WeatherApplicationUITestsLaunchTests.swift in Sources */,
				49D6ADCB2AF2A88B0004BD42 /* WeatherApplicationUITests.swift in Sources */,
			);
			runOnlyForDeploymentPostprocessing = 0;
		};
/* End PBXSourcesBuildPhase section */

/* Begin PBXTargetDependency section */
		49D6ADBE2AF2A88B0004BD42 /* PBXTargetDependency */ = {
			isa = PBXTargetDependency;
			target = 49D6ADA62AF2A88A0004BD42 /* WeatherApplication */;
			targetProxy = 49D6ADBD2AF2A88B0004BD42 /* PBXContainerItemProxy */;
		};
		49D6ADC82AF2A88B0004BD42 /* PBXTargetDependency */ = {
			isa = PBXTargetDependency;
			target = 49D6ADA62AF2A88A0004BD42 /* WeatherApplication */;
			targetProxy = 49D6ADC72AF2A88B0004BD42 /* PBXContainerItemProxy */;
		};
/* End PBXTargetDependency section */

/* Begin XCBuildConfiguration section */
		49D6ADCE2AF2A88B0004BD42 /* Debug */ = {
			isa = XCBuildConfiguration;
			buildSettings = {
				ALWAYS_SEARCH_USER_PATHS = NO;
				ASSETCATALOG_COMPILER_GENERATE_SWIFT_ASSET_SYMBOL_EXTENSIONS = YES;
				CLANG_ANALYZER_NONNULL = YES;
				CLANG_ANALYZER_NUMBER_OBJECT_CONVERSION = YES_AGGRESSIVE;
				CLANG_CXX_LANGUAGE_STANDARD = "gnu++20";
				CLANG_ENABLE_MODULES = YES;
				CLANG_ENABLE_OBJC_ARC = YES;
				CLANG_ENABLE_OBJC_WEAK = YES;
				CLANG_WARN_BLOCK_CAPTURE_AUTORELEASING = YES;
				CLANG_WARN_BOOL_CONVERSION = YES;
				CLANG_WARN_COMMA = YES;
				CLANG_WARN_CONSTANT_CONVERSION = YES;
				CLANG_WARN_DEPRECATED_OBJC_IMPLEMENTATIONS = YES;
				CLANG_WARN_DIRECT_OBJC_ISA_USAGE = YES_ERROR;
				CLANG_WARN_DOCUMENTATION_COMMENTS = YES;
				CLANG_WARN_EMPTY_BODY = YES;
				CLANG_WARN_ENUM_CONVERSION = YES;
				CLANG_WARN_INFINITE_RECURSION = YES;
				CLANG_WARN_INT_CONVERSION = YES;
				CLANG_WARN_NON_LITERAL_NULL_CONVERSION = YES;
				CLANG_WARN_OBJC_IMPLICIT_RETAIN_SELF = YES;
				CLANG_WARN_OBJC_LITERAL_CONVERSION = YES;
				CLANG_WARN_OBJC_ROOT_CLASS = YES_ERROR;
				CLANG_WARN_QUOTED_INCLUDE_IN_FRAMEWORK_HEADER = YES;
				CLANG_WARN_RANGE_LOOP_ANALYSIS = YES;
				CLANG_WARN_STRICT_PROTOTYPES = YES;
				CLANG_WARN_SUSPICIOUS_MOVE = YES;
				CLANG_WARN_UNGUARDED_AVAILABILITY = YES_AGGRESSIVE;
				CLANG_WARN_UNREACHABLE_CODE = YES;
				CLANG_WARN__DUPLICATE_METHOD_MATCH = YES;
				COPY_PHASE_STRIP = NO;
				DEBUG_INFORMATION_FORMAT = dwarf;
				ENABLE_STRICT_OBJC_MSGSEND = YES;
				ENABLE_TESTABILITY = YES;
				ENABLE_USER_SCRIPT_SANDBOXING = YES;
				GCC_C_LANGUAGE_STANDARD = gnu17;
				GCC_DYNAMIC_NO_PIC = NO;
				GCC_NO_COMMON_BLOCKS = YES;
				GCC_OPTIMIZATION_LEVEL = 0;
				GCC_PREPROCESSOR_DEFINITIONS = (
					"DEBUG=1",
					"$(inherited)",
				);
				GCC_WARN_64_TO_32_BIT_CONVERSION = YES;
				GCC_WARN_ABOUT_RETURN_TYPE = YES_ERROR;
				GCC_WARN_UNDECLARED_SELECTOR = YES;
				GCC_WARN_UNINITIALIZED_AUTOS = YES_AGGRESSIVE;
				GCC_WARN_UNUSED_FUNCTION = YES;
				GCC_WARN_UNUSED_VARIABLE = YES;
				IPHONEOS_DEPLOYMENT_TARGET = 17.0;
				LOCALIZATION_PREFERS_STRING_CATALOGS = YES;
				MTL_ENABLE_DEBUG_INFO = INCLUDE_SOURCE;
				MTL_FAST_MATH = YES;
				ONLY_ACTIVE_ARCH = YES;
				SDKROOT = iphoneos;
				SWIFT_ACTIVE_COMPILATION_CONDITIONS = "DEBUG $(inherited)";
				SWIFT_OPTIMIZATION_LEVEL = "-Onone";
			};
			name = Debug;
		};
		49D6ADCF2AF2A88B0004BD42 /* Release */ = {
			isa = XCBuildConfiguration;
			buildSettings = {
				ALWAYS_SEARCH_USER_PATHS = NO;
				ASSETCATALOG_COMPILER_GENERATE_SWIFT_ASSET_SYMBOL_EXTENSIONS = YES;
				CLANG_ANALYZER_NONNULL = YES;
				CLANG_ANALYZER_NUMBER_OBJECT_CONVERSION = YES_AGGRESSIVE;
				CLANG_CXX_LANGUAGE_STANDARD = "gnu++20";
				CLANG_ENABLE_MODULES = YES;
				CLANG_ENABLE_OBJC_ARC = YES;
				CLANG_ENABLE_OBJC_WEAK = YES;
				CLANG_WARN_BLOCK_CAPTURE_AUTORELEASING = YES;
				CLANG_WARN_BOOL_CONVERSION = YES;
				CLANG_WARN_COMMA = YES;
				CLANG_WARN_CONSTANT_CONVERSION = YES;
				CLANG_WARN_DEPRECATED_OBJC_IMPLEMENTATIONS = YES;
				CLANG_WARN_DIRECT_OBJC_ISA_USAGE = YES_ERROR;
				CLANG_WARN_DOCUMENTATION_COMMENTS = YES;
				CLANG_WARN_EMPTY_BODY = YES;
				CLANG_WARN_ENUM_CONVERSION = YES;
				CLANG_WARN_INFINITE_RECURSION = YES;
				CLANG_WARN_INT_CONVERSION = YES;
				CLANG_WARN_NON_LITERAL_NULL_CONVERSION = YES;
				CLANG_WARN_OBJC_IMPLICIT_RETAIN_SELF = YES;
				CLANG_WARN_OBJC_LITERAL_CONVERSION = YES;
				CLANG_WARN_OBJC_ROOT_CLASS = YES_ERROR;
				CLANG_WARN_QUOTED_INCLUDE_IN_FRAMEWORK_HEADER = YES;
				CLANG_WARN_RANGE_LOOP_ANALYSIS = YES;
				CLANG_WARN_STRICT_PROTOTYPES = YES;
				CLANG_WARN_SUSPICIOUS_MOVE = YES;
				CLANG_WARN_UNGUARDED_AVAILABILITY = YES_AGGRESSIVE;
				CLANG_WARN_UNREACHABLE_CODE = YES;
				CLANG_WARN__DUPLICATE_METHOD_MATCH = YES;
				COPY_PHASE_STRIP = NO;
				DEBUG_INFORMATION_FORMAT = "dwarf-with-dsym";
				ENABLE_NS_ASSERTIONS = NO;
				ENABLE_STRICT_OBJC_MSGSEND = YES;
				ENABLE_USER_SCRIPT_SANDBOXING = YES;
				GCC_C_LANGUAGE_STANDARD = gnu17;
				GCC_NO_COMMON_BLOCKS = YES;
				GCC_WARN_64_TO_32_BIT_CONVERSION = YES;
				GCC_WARN_ABOUT_RETURN_TYPE = YES_ERROR;
				GCC_WARN_UNDECLARED_SELECTOR = YES;
				GCC_WARN_UNINITIALIZED_AUTOS = YES_AGGRESSIVE;
				GCC_WARN_UNUSED_FUNCTION = YES;
				GCC_WARN_UNUSED_VARIABLE = YES;
				IPHONEOS_DEPLOYMENT_TARGET = 17.0;
				LOCALIZATION_PREFERS_STRING_CATALOGS = YES;
				MTL_ENABLE_DEBUG_INFO = NO;
				MTL_FAST_MATH = YES;
				SDKROOT = iphoneos;
				SWIFT_COMPILATION_MODE = wholemodule;
				VALIDATE_PRODUCT = YES;
			};
			name = Release;
		};
		49D6ADD12AF2A88B0004BD42 /* Debug */ = {
			isa = XCBuildConfiguration;
			buildSettings = {
				ASSETCATALOG_COMPILER_APPICON_NAME = AppIcon;
				ASSETCATALOG_COMPILER_GLOBAL_ACCENT_COLOR_NAME = AccentColor;
				CODE_SIGN_STYLE = Automatic;
				CURRENT_PROJECT_VERSION = 1;
				DEVELOPMENT_ASSET_PATHS = "\"WeatherApplication/Preview Content\"";
				ENABLE_PREVIEWS = YES;
				GENERATE_INFOPLIST_FILE = YES;
				INFOPLIST_KEY_UIApplicationSceneManifest_Generation = YES;
				INFOPLIST_KEY_UIApplicationSupportsIndirectInputEvents = YES;
				INFOPLIST_KEY_UILaunchScreen_Generation = YES;
				INFOPLIST_KEY_UISupportedInterfaceOrientations_iPad = "UIInterfaceOrientationPortrait UIInterfaceOrientationPortraitUpsideDown UIInterfaceOrientationLandscapeLeft UIInterfaceOrientationLandscapeRight";
				INFOPLIST_KEY_UISupportedInterfaceOrientations_iPhone = "UIInterfaceOrientationPortrait UIInterfaceOrientationLandscapeLeft UIInterfaceOrientationLandscapeRight";
				LD_RUNPATH_SEARCH_PATHS = (
					"$(inherited)",
					"@executable_path/Frameworks",
				);
				MARKETING_VERSION = 1.0;
				PRODUCT_BUNDLE_IDENTIFIER = com.mac.WeatherApplication;
				PRODUCT_NAME = "$(TARGET_NAME)";
				SWIFT_EMIT_LOC_STRINGS = YES;
				SWIFT_VERSION = 5.0;
				TARGETED_DEVICE_FAMILY = "1,2";
			};
			name = Debug;
		};
		49D6ADD22AF2A88B0004BD42 /* Release */ = {
			isa = XCBuildConfiguration;
			buildSettings = {
				ASSETCATALOG_COMPILER_APPICON_NAME = AppIcon;
				ASSETCATALOG_COMPILER_GLOBAL_ACCENT_COLOR_NAME = AccentColor;
				CODE_SIGN_STYLE = Automatic;
				CURRENT_PROJECT_VERSION = 1;
				DEVELOPMENT_ASSET_PATHS = "\"WeatherApplication/Preview Content\"";
				ENABLE_PREVIEWS = YES;
				GENERATE_INFOPLIST_FILE = YES;
				INFOPLIST_KEY_UIApplicationSceneManifest_Generation = YES;
				INFOPLIST_KEY_UIApplicationSupportsIndirectInputEvents = YES;
				INFOPLIST_KEY_UILaunchScreen_Generation = YES;
				INFOPLIST_KEY_UISupportedInterfaceOrientations_iPad = "UIInterfaceOrientationPortrait UIInterfaceOrientationPortraitUpsideDown UIInterfaceOrientationLandscapeLeft UIInterfaceOrientationLandscapeRight";
				INFOPLIST_KEY_UISupportedInterfaceOrientations_iPhone = "UIInterfaceOrientationPortrait UIInterfaceOrientationLandscapeLeft UIInterfaceOrientationLandscapeRight";
				LD_RUNPATH_SEARCH_PATHS = (
					"$(inherited)",
					"@executable_path/Frameworks",
				);
				MARKETING_VERSION = 1.0;
				PRODUCT_BUNDLE_IDENTIFIER = com.mac.WeatherApplication;
				PRODUCT_NAME = "$(TARGET_NAME)";
				SWIFT_EMIT_LOC_STRINGS = YES;
				SWIFT_VERSION = 5.0;
				TARGETED_DEVICE_FAMILY = "1,2";
			};
			name = Release;
		};
		49D6ADD42AF2A88B0004BD42 /* Debug */ = {
			isa = XCBuildConfiguration;
			buildSettings = {
				ALWAYS_EMBED_SWIFT_STANDARD_LIBRARIES = YES;
				BUNDLE_LOADER = "$(TEST_HOST)";
				CODE_SIGN_STYLE = Automatic;
				CURRENT_PROJECT_VERSION = 1;
				GENERATE_INFOPLIST_FILE = YES;
				IPHONEOS_DEPLOYMENT_TARGET = 17.0;
				MARKETING_VERSION = 1.0;
				PRODUCT_BUNDLE_IDENTIFIER = com.mac.WeatherApplicationTests;
				PRODUCT_NAME = "$(TARGET_NAME)";
				SWIFT_EMIT_LOC_STRINGS = NO;
				SWIFT_VERSION = 5.0;
				TARGETED_DEVICE_FAMILY = "1,2";
				TEST_HOST = "$(BUILT_PRODUCTS_DIR)/WeatherApplication.app/$(BUNDLE_EXECUTABLE_FOLDER_PATH)/WeatherApplication";
			};
			name = Debug;
		};
		49D6ADD52AF2A88B0004BD42 /* Release */ = {
			isa = XCBuildConfiguration;
			buildSettings = {
				ALWAYS_EMBED_SWIFT_STANDARD_LIBRARIES = YES;
				BUNDLE_LOADER = "$(TEST_HOST)";
				CODE_SIGN_STYLE = Automatic;
				CURRENT_PROJECT_VERSION = 1;
				GENERATE_INFOPLIST_FILE = YES;
				IPHONEOS_DEPLOYMENT_TARGET = 17.0;
				MARKETING_VERSION = 1.0;
				PRODUCT_BUNDLE_IDENTIFIER = com.mac.WeatherApplicationTests;
				PRODUCT_NAME = "$(TARGET_NAME)";
				SWIFT_EMIT_LOC_STRINGS = NO;
				SWIFT_VERSION = 5.0;
				TARGETED_DEVICE_FAMILY = "1,2";
				TEST_HOST = "$(BUILT_PRODUCTS_DIR)/WeatherApplication.app/$(BUNDLE_EXECUTABLE_FOLDER_PATH)/WeatherApplication";
			};
			name = Release;
		};
		49D6ADD72AF2A88B0004BD42 /* Debug */ = {
			isa = XCBuildConfiguration;
			buildSettings = {
				ALWAYS_EMBED_SWIFT_STANDARD_LIBRARIES = YES;
				CODE_SIGN_STYLE = Automatic;
				CURRENT_PROJECT_VERSION = 1;
				GENERATE_INFOPLIST_FILE = YES;
				MARKETING_VERSION = 1.0;
				PRODUCT_BUNDLE_IDENTIFIER = com.mac.WeatherApplicationUITests;
				PRODUCT_NAME = "$(TARGET_NAME)";
				SWIFT_EMIT_LOC_STRINGS = NO;
				SWIFT_VERSION = 5.0;
				TARGETED_DEVICE_FAMILY = "1,2";
				TEST_TARGET_NAME = WeatherApplication;
			};
			name = Debug;
		};
		49D6ADD82AF2A88B0004BD42 /* Release */ = {
			isa = XCBuildConfiguration;
			buildSettings = {
				ALWAYS_EMBED_SWIFT_STANDARD_LIBRARIES = YES;
				CODE_SIGN_STYLE = Automatic;
				CURRENT_PROJECT_VERSION = 1;
				GENERATE_INFOPLIST_FILE = YES;
				MARKETING_VERSION = 1.0;
				PRODUCT_BUNDLE_IDENTIFIER = com.mac.WeatherApplicationUITests;
				PRODUCT_NAME = "$(TARGET_NAME)";
				SWIFT_EMIT_LOC_STRINGS = NO;
				SWIFT_VERSION = 5.0;
				TARGETED_DEVICE_FAMILY = "1,2";
				TEST_TARGET_NAME = WeatherApplication;
			};
			name = Release;
		};
/* End XCBuildConfiguration section */

/* Begin XCConfigurationList section */
		49D6ADA22AF2A88A0004BD42 /* Build configuration list for PBXProject "WeatherApplication" */ = {
			isa = XCConfigurationList;
			buildConfigurations = (
				49D6ADCE2AF2A88B0004BD42 /* Debug */,
				49D6ADCF2AF2A88B0004BD42 /* Release */,
			);
			defaultConfigurationIsVisible = 0;
			defaultConfigurationName = Release;
		};
		49D6ADD02AF2A88B0004BD42 /* Build configuration list for PBXNativeTarget "WeatherApplication" */ = {
			isa = XCConfigurationList;
			buildConfigurations = (
				49D6ADD12AF2A88B0004BD42 /* Debug */,
				49D6ADD22AF2A88B0004BD42 /* Release */,
			);
			defaultConfigurationIsVisible = 0;
			defaultConfigurationName = Release;
		};
		49D6ADD32AF2A88B0004BD42 /* Build configuration list for PBXNativeTarget "WeatherApplicationTests" */ = {
			isa = XCConfigurationList;
			buildConfigurations = (
				49D6ADD42AF2A88B0004BD42 /* Debug */,
				49D6ADD52AF2A88B0004BD42 /* Release */,
			);
			defaultConfigurationIsVisible = 0;
			defaultConfigurationName = Release;
		};
		49D6ADD62AF2A88B0004BD42 /* Build configuration list for PBXNativeTarget "WeatherApplicationUITests" */ = {
			isa = XCConfigurationList;
			buildConfigurations = (
				49D6ADD72AF2A88B0004BD42 /* Debug */,
				49D6ADD82AF2A88B0004BD42 /* Release */,
			);
			defaultConfigurationIsVisible = 0;
			defaultConfigurationName = Release;
		};
/* End XCConfigurationList section */

/* Begin XCVersionGroup section */
		49D6ADB52AF2A88B0004BD42 /* WeatherApplication.xcdatamodeld */ = {
			isa = XCVersionGroup;
			children = (
				49D6ADB62AF2A88B0004BD42 /* WeatherApplication.xcdatamodel */,
			);
			currentVersion = 49D6ADB62AF2A88B0004BD42 /* WeatherApplication.xcdatamodel */;
			path = WeatherApplication.xcdatamodeld;
			sourceTree = "<group>";
			versionGroupType = wrapper.xcdatamodel;
		};
/* End XCVersionGroup section */
	};
	rootObject = 49D6AD9F2AF2A88A0004BD42 /* Project object */;
}
